
Microsoft Visual Studio Solution File, Format Version 12.00
# Visual Studio Version 16
VisualStudioVersion = 16.0.30717.126
MinimumVisualStudioVersion = 10.0.40219.1
Project("{FAE04EC0-301F-11D3-BF4B-00C04F79EFBC}") = "Dataverse.XrmTools.DataMigrationTool", "Dataverse.XrmTools.DataMigrationTool\Dataverse.XrmTools.DataMigrationTool.csproj", "{CA061B66-4883-4BFC-A38C-F1ACE881C3F7}"
EndProject
Project("{FAE04EC0-301F-11D3-BF4B-00C04F79EFBC}") = "Dataverse.XrmTools.DataMigrationTool.Tests", "Dataverse.XrmTools.DataMigrationTool.Tests\Dataverse.XrmTools.DataMigrationTool.Tests.csproj", "{F6E02A98-C5C9-41D8-B4E8-ADCE42FAD882}"
EndProject
Global
	GlobalSection(SolutionConfigurationPlatforms) = preSolution
		Debug|Any CPU = Debug|Any CPU
		Release|Any CPU = Release|Any CPU
	EndGlobalSection
	GlobalSection(ProjectConfigurationPlatforms) = postSolution
		{CA061B66-4883-4BFC-A38C-F1ACE881C3F7}.Debug|Any CPU.ActiveCfg = Debug|Any CPU
		{CA061B66-4883-4BFC-A38C-F1ACE881C3F7}.Debug|Any CPU.Build.0 = Debug|Any CPU
		{CA061B66-4883-4BFC-A38C-F1ACE881C3F7}.Release|Any CPU.ActiveCfg = Release|Any CPU
		{CA061B66-4883-4BFC-A38C-F1ACE881C3F7}.Release|Any CPU.Build.0 = Release|Any CPU
		{F6E02A98-C5C9-41D8-B4E8-ADCE42FAD882}.Debug|Any CPU.ActiveCfg = Debug|Any CPU
		{F6E02A98-C5C9-41D8-B4E8-ADCE42FAD882}.Debug|Any CPU.Build.0 = Debug|Any CPU
		{F6E02A98-C5C9-41D8-B4E8-ADCE42FAD882}.Release|Any CPU.ActiveCfg = Release|Any CPU
		{F6E02A98-C5C9-41D8-B4E8-ADCE42FAD882}.Release|Any CPU.Build.0 = Release|Any CPU
	EndGlobalSection
	GlobalSection(SolutionProperties) = preSolution
		HideSolutionNode = FALSE
	EndGlobalSection
	GlobalSection(ExtensibilityGlobals) = postSolution
		SolutionGuid = {6EEDF254-B3ED-4D5E-8C49-D83C425FC2CE}
	EndGlobalSection
EndGlobal
